
Microsoft Visual Studio Solution File, Format Version 12.00
# Visual Studio Version 16
VisualStudioVersion = 16.0.30621.155
MinimumVisualStudioVersion = 10.0.40219.1
Project("{FAE04EC0-301F-11D3-BF4B-00C04F79EFBC}") = "BankingSystem", "BankingSystem\BankingSystem.csproj", "{48503DD8-D26E-4593-9F40-4E617C2D9C5D}"
EndProject
Global
	GlobalSection(SolutionConfigurationPlatforms) = preSolution
		Debug|Any CPU = Debug|Any CPU
		Release|Any CPU = Release|Any CPU
	EndGlobalSection
	GlobalSection(ProjectConfigurationPlatforms) = postSolution
		{48503DD8-D26E-4593-9F40-4E617C2D9C5D}.Debug|Any CPU.ActiveCfg = Debug|Any CPU
		{48503DD8-D26E-4593-9F40-4E617C2D9C5D}.Debug|Any CPU.Build.0 = Debug|Any CPU
		{48503DD8-D26E-4593-9F40-4E617C2D9C5D}.Release|Any CPU.ActiveCfg = Release|Any CPU
		{48503DD8-D26E-4593-9F40-4E617C2D9C5D}.Release|Any CPU.Build.0 = Release|Any CPU
	EndGlobalSection
	GlobalSection(SolutionProperties) = preSolution
		HideSolutionNode = FALSE
	EndGlobalSection
	GlobalSection(ExtensibilityGlobals) = postSolution
		SolutionGuid = {83CB3ED2-B005-4FD6-8AC4-BB3A59CC4F15}
	EndGlobalSection
EndGlobal
